SITE
  remote: http://community.opscode.com/api/v1
  specs:
    build-essential (1.1.2)
    dmg (1.0.0)
    git (1.0.2)
      build-essential (>= 0.0.0)
      dmg (>= 0.0.0)
      runit (>= 0.0.0)
      yum (>= 0.0.0)
    mysql (3.0.2)
      build-essential (> 1.1.0)
      openssl (>= 0.0.0)
    openssl (1.0.2)
    python (1.0.8)
      build-essential (>= 0.0.0)
      yum (>= 0.0.0)
    runit (0.15.0)
    yum (1.0.0)

DEPENDENCIES
  git (>= 0)
  mysql (>= 0)
  python (>= 0)

